
Microsoft Visual Studio Solution File, Format Version 12.00
Project("{2150E333-8FDC-42A3-9474-1A3956D46DE8}") = "src", "src", "{AC0301C6-E805-44AE-80DC-A6EF2890E03D}"
EndProject
Project("{2150E333-8FDC-42A3-9474-1A3956D46DE8}") = "API", "API", "{29EA2B0E-6D80-4A2E-BB09-CFD1BE812570}"
EndProject
Project("{2150E333-8FDC-42A3-9474-1A3956D46DE8}") = "Core", "Core", "{8FC78B2E-863C-4899-88E2-BADEAE0BD348}"
EndProject
Project("{2150E333-8FDC-42A3-9474-1A3956D46DE8}") = "Infrastructure", "Infrastructure", "{6131C6DC-1F5E-45D8-B791-1608D3D4A628}"
EndProject
Project("{FAE04EC0-301F-11D3-BF4B-00C04F79EFBC}") = "CnpjControl.Identity", "CnpjControl.Identity\CnpjControl.Identity.csproj", "{F59B8087-6AF0-4F52-A182-278304231A81}"
EndProject
Project("{FAE04EC0-301F-11D3-BF4B-00C04F79EFBC}") = "CnpjControl.Application", "CnpjControl.Application\CnpjControl.Application.csproj", "{E40B26A5-5860-4883-847E-C849DE781258}"
EndProject
Project("{FAE04EC0-301F-11D3-BF4B-00C04F79EFBC}") = "CnpjControl.Domain", "CnpjControl.Domain\CnpjControl.Domain.csproj", "{47CA2814-0681-4F31-9B87-EA9EEEB4AF22}"
EndProject
Project("{FAE04EC0-301F-11D3-BF4B-00C04F79EFBC}") = "CnpjControl.Api", "CnpjControl.Api\CnpjControl.Api.csproj", "{7032A987-2A34-4E05-BA81-78D633FACA0F}"
EndProject
Project("{2150E333-8FDC-42A3-9474-1A3956D46DE8}") = "UI", "UI", "{44302AD6-4A3B-48FD-A82A-996BA1C2FE84}"
EndProject
Project("{FAE04EC0-301F-11D3-BF4B-00C04F79EFBC}") = "CnpjControl.Persistence", "CnpjControl.Persistence\CnpjControl.Persistence.csproj", "{9808B60D-EAF3-4173-A665-BB4D4138830B}"
EndProject
Global
	GlobalSection(SolutionConfigurationPlatforms) = preSolution
		Debug|Any CPU = Debug|Any CPU
		Release|Any CPU = Release|Any CPU
	EndGlobalSection
	GlobalSection(NestedProjects) = preSolution
		{29EA2B0E-6D80-4A2E-BB09-CFD1BE812570} = {AC0301C6-E805-44AE-80DC-A6EF2890E03D}
		{8FC78B2E-863C-4899-88E2-BADEAE0BD348} = {AC0301C6-E805-44AE-80DC-A6EF2890E03D}
		{6131C6DC-1F5E-45D8-B791-1608D3D4A628} = {AC0301C6-E805-44AE-80DC-A6EF2890E03D}
		{F59B8087-6AF0-4F52-A182-278304231A81} = {6131C6DC-1F5E-45D8-B791-1608D3D4A628}
		{E40B26A5-5860-4883-847E-C849DE781258} = {8FC78B2E-863C-4899-88E2-BADEAE0BD348}
		{47CA2814-0681-4F31-9B87-EA9EEEB4AF22} = {8FC78B2E-863C-4899-88E2-BADEAE0BD348}
		{7032A987-2A34-4E05-BA81-78D633FACA0F} = {29EA2B0E-6D80-4A2E-BB09-CFD1BE812570}
		{44302AD6-4A3B-48FD-A82A-996BA1C2FE84} = {AC0301C6-E805-44AE-80DC-A6EF2890E03D}
		{9808B60D-EAF3-4173-A665-BB4D4138830B} = {6131C6DC-1F5E-45D8-B791-1608D3D4A628}
	EndGlobalSection
	GlobalSection(ProjectConfigurationPlatforms) = postSolution
		{F59B8087-6AF0-4F52-A182-278304231A81}.Debug|Any CPU.ActiveCfg = Debug|Any CPU
		{F59B8087-6AF0-4F52-A182-278304231A81}.Debug|Any CPU.Build.0 = Debug|Any CPU
		{F59B8087-6AF0-4F52-A182-278304231A81}.Release|Any CPU.ActiveCfg = Release|Any CPU
		{F59B8087-6AF0-4F52-A182-278304231A81}.Release|Any CPU.Build.0 = Release|Any CPU
		{E40B26A5-5860-4883-847E-C849DE781258}.Debug|Any CPU.ActiveCfg = Debug|Any CPU
		{E40B26A5-5860-4883-847E-C849DE781258}.Debug|Any CPU.Build.0 = Debug|Any CPU
		{E40B26A5-5860-4883-847E-C849DE781258}.Release|Any CPU.ActiveCfg = Release|Any CPU
		{E40B26A5-5860-4883-847E-C849DE781258}.Release|Any CPU.Build.0 = Release|Any CPU
		{47CA2814-0681-4F31-9B87-EA9EEEB4AF22}.Debug|Any CPU.ActiveCfg = Debug|Any CPU
		{47CA2814-0681-4F31-9B87-EA9EEEB4AF22}.Debug|Any CPU.Build.0 = Debug|Any CPU
		{47CA2814-0681-4F31-9B87-EA9EEEB4AF22}.Release|Any CPU.ActiveCfg = Release|Any CPU
		{47CA2814-0681-4F31-9B87-EA9EEEB4AF22}.Release|Any CPU.Build.0 = Release|Any CPU
		{7032A987-2A34-4E05-BA81-78D633FACA0F}.Debug|Any CPU.ActiveCfg = Debug|Any CPU
		{7032A987-2A34-4E05-BA81-78D633FACA0F}.Debug|Any CPU.Build.0 = Debug|Any CPU
		{7032A987-2A34-4E05-BA81-78D633FACA0F}.Release|Any CPU.ActiveCfg = Release|Any CPU
		{7032A987-2A34-4E05-BA81-78D633FACA0F}.Release|Any CPU.Build.0 = Release|Any CPU
		{9808B60D-EAF3-4173-A665-BB4D4138830B}.Debug|Any CPU.ActiveCfg = Debug|Any CPU
		{9808B60D-EAF3-4173-A665-BB4D4138830B}.Debug|Any CPU.Build.0 = Debug|Any CPU
		{9808B60D-EAF3-4173-A665-BB4D4138830B}.Release|Any CPU.ActiveCfg = Release|Any CPU
		{9808B60D-EAF3-4173-A665-BB4D4138830B}.Release|Any CPU.Build.0 = Release|Any CPU
	EndGlobalSection
EndGlobal
